
Microsoft Visual Studio Solution File, Format Version 12.00
# Visual Studio 2012
Project("{FAE04EC0-301F-11D3-BF4B-00C04F79EFBC}") = "telnet client", "telnet client\telnet client.csproj", "{27111BB2-5C3F-4343-AE03-9B402E172CFE}"
EndProject
Global
	GlobalSection(SolutionConfigurationPlatforms) = preSolution
		Debug|Any CPU = Debug|Any CPU
		Release|Any CPU = Release|Any CPU
	EndGlobalSection
	GlobalSection(ProjectConfigurationPlatforms) = postSolution
		{27111BB2-5C3F-4343-AE03-9B402E172CFE}.Debug|Any CPU.ActiveCfg = Debug|Any CPU
		{27111BB2-5C3F-4343-AE03-9B402E172CFE}.Debug|Any CPU.Build.0 = Debug|Any CPU
		{27111BB2-5C3F-4343-AE03-9B402E172CFE}.Release|Any CPU.ActiveCfg = Release|Any CPU
		{27111BB2-5C3F-4343-AE03-9B402E172CFE}.Release|Any CPU.Build.0 = Release|Any CPU
	EndGlobalSection
	GlobalSection(SolutionProperties) = preSolution
		HideSolutionNode = FALSE
	EndGlobalSection
EndGlobal
